
Microsoft Visual Studio Solution File, Format Version 12.00
# Visual Studio Version 17
VisualStudioVersion = 17.0.31903.59
MinimumVisualStudioVersion = 10.0.40219.1
Project("{FAE04EC0-301F-11D3-BF4B-00C04F79EFBC}") = "CleanArchitecture.ConsoleApp", "CleanArchitecture.ConsoleApp\CleanArchitecture.ConsoleApp.csproj", "{71487931-28AC-4F80-86BF-D77615D22CF0}"
EndProject
Project("{FAE04EC0-301F-11D3-BF4B-00C04F79EFBC}") = "CleanArchitecture.Data", "CleanArchitecture.Data\CleanArchitecture.Data.csproj", "{4C3EB452-DD6F-48C3-906B-1737809F25FC}"
EndProject
Project("{FAE04EC0-301F-11D3-BF4B-00C04F79EFBC}") = "CleanArchitecture.Domain", "CleanArchitecture.Domain\CleanArchitecture.Domain.csproj", "{18B2D1FD-DF3F-4AF3-9126-3C586CEA4792}"
EndProject
Global
	GlobalSection(SolutionConfigurationPlatforms) = preSolution
		Debug|Any CPU = Debug|Any CPU
		Release|Any CPU = Release|Any CPU
	EndGlobalSection
	GlobalSection(SolutionProperties) = preSolution
		HideSolutionNode = FALSE
	EndGlobalSection
	GlobalSection(ProjectConfigurationPlatforms) = postSolution
		{71487931-28AC-4F80-86BF-D77615D22CF0}.Debug|Any CPU.ActiveCfg = Debug|Any CPU
		{71487931-28AC-4F80-86BF-D77615D22CF0}.Debug|Any CPU.Build.0 = Debug|Any CPU
		{71487931-28AC-4F80-86BF-D77615D22CF0}.Release|Any CPU.ActiveCfg = Release|Any CPU
		{71487931-28AC-4F80-86BF-D77615D22CF0}.Release|Any CPU.Build.0 = Release|Any CPU
		{4C3EB452-DD6F-48C3-906B-1737809F25FC}.Debug|Any CPU.ActiveCfg = Debug|Any CPU
		{4C3EB452-DD6F-48C3-906B-1737809F25FC}.Debug|Any CPU.Build.0 = Debug|Any CPU
		{4C3EB452-DD6F-48C3-906B-1737809F25FC}.Release|Any CPU.ActiveCfg = Release|Any CPU
		{4C3EB452-DD6F-48C3-906B-1737809F25FC}.Release|Any CPU.Build.0 = Release|Any CPU
		{18B2D1FD-DF3F-4AF3-9126-3C586CEA4792}.Debug|Any CPU.ActiveCfg = Debug|Any CPU
		{18B2D1FD-DF3F-4AF3-9126-3C586CEA4792}.Debug|Any CPU.Build.0 = Debug|Any CPU
		{18B2D1FD-DF3F-4AF3-9126-3C586CEA4792}.Release|Any CPU.ActiveCfg = Release|Any CPU
		{18B2D1FD-DF3F-4AF3-9126-3C586CEA4792}.Release|Any CPU.Build.0 = Release|Any CPU
	EndGlobalSection
EndGlobal
